
Microsoft Visual Studio Solution File, Format Version 12.00
# Visual Studio Version 16
VisualStudioVersion = 16.0.30804.86
MinimumVisualStudioVersion = 10.0.40219.1
Project("{FAE04EC0-301F-11D3-BF4B-00C04F79EFBC}") = "PoplarHarca", "PoplarHarca\PoplarHarca.csproj", "{8FE5F14E-19E5-4CC7-8B8A-0EDC0E7DBCD1}"
EndProject
Global
	GlobalSection(SolutionConfigurationPlatforms) = preSolution
		Debug|Any CPU = Debug|Any CPU
		Release|Any CPU = Release|Any CPU
	EndGlobalSection
	GlobalSection(ProjectConfigurationPlatforms) = postSolution
		{8FE5F14E-19E5-4CC7-8B8A-0EDC0E7DBCD1}.Debug|Any CPU.ActiveCfg = Debug|Any CPU
		{8FE5F14E-19E5-4CC7-8B8A-0EDC0E7DBCD1}.Debug|Any CPU.Build.0 = Debug|Any CPU
		{8FE5F14E-19E5-4CC7-8B8A-0EDC0E7DBCD1}.Release|Any CPU.ActiveCfg = Release|Any CPU
		{8FE5F14E-19E5-4CC7-8B8A-0EDC0E7DBCD1}.Release|Any CPU.Build.0 = Release|Any CPU
	EndGlobalSection
	GlobalSection(SolutionProperties) = preSolution
		HideSolutionNode = FALSE
	EndGlobalSection
	GlobalSection(ExtensibilityGlobals) = postSolution
		LessCompiler = 8fe5f14e-19e5-4cc7-8b8a-0edc0e7dbcd1
		SolutionGuid = {339E79BC-30FC-4389-8978-B8A3D0E6A4C1}
	EndGlobalSection
EndGlobal
